
Microsoft Visual Studio Solution File, Format Version 12.00
# Visual Studio Version 16
VisualStudioVersion = 16.0.32106.194
MinimumVisualStudioVersion = 10.0.40219.1
Project("{FAE04EC0-301F-11D3-BF4B-00C04F79EFBC}") = "09032022_OtomatikMigrations", "09032022_OtomatikMigrations\09032022_OtomatikMigrations.csproj", "{6C7A0B58-1012-4E43-90F1-CD7622F5A00E}"
EndProject
Global
	GlobalSection(SolutionConfigurationPlatforms) = preSolution
		Debug|Any CPU = Debug|Any CPU
		Release|Any CPU = Release|Any CPU
	EndGlobalSection
	GlobalSection(ProjectConfigurationPlatforms) = postSolution
		{6C7A0B58-1012-4E43-90F1-CD7622F5A00E}.Debug|Any CPU.ActiveCfg = Debug|Any CPU
		{6C7A0B58-1012-4E43-90F1-CD7622F5A00E}.Debug|Any CPU.Build.0 = Debug|Any CPU
		{6C7A0B58-1012-4E43-90F1-CD7622F5A00E}.Release|Any CPU.ActiveCfg = Release|Any CPU
		{6C7A0B58-1012-4E43-90F1-CD7622F5A00E}.Release|Any CPU.Build.0 = Release|Any CPU
	EndGlobalSection
	GlobalSection(SolutionProperties) = preSolution
		HideSolutionNode = FALSE
	EndGlobalSection
	GlobalSection(ExtensibilityGlobals) = postSolution
		SolutionGuid = {35F23877-4334-4C7E-8587-7EBDA0BE5B73}
	EndGlobalSection
EndGlobal
